{
  "name": "museum-paintings",
  "version": "1.0.0",
  "lockfileVersion": 3,
  "requires": true,
  "packages": {
    "": {
      "name": "museum-paintings",
      "version": "1.0.0",
      "license": "ISC",
      "dependencies": {
        "bcrypt": "^5.0.0",
        "connect-session-sequelize": "^7.0.4",
        "dotenv": "^8.2.0",
        "express": "^4.19.2",
        "express-handlebars": "^5.2.0",
        "express-session": "^1.17.1",
        "handlebars": "^4.7.6",
        "nodemailer": "^6.9.14",
        "pg": "^8.11.3",
        "sequelize": "^6.33.0"
      },
      "devDependencies": {
        "nodemon": "^2.0.7"
      }
    },
    "node_modules/@mapbox/node-pre-gyp": {
      "version": "1.0.11",
      "resolved": "https://registry.npmjs.org/@mapbox/node-pre-gyp/-/node-pre-gyp-1.0.11.tgz",
      "integrity": "sha512-Yhlar6v9WQgUp/He7BdgzOz8lqMQ8sU+jkCq7Wx8Myc5YFJLbEe7lgui/V7G1qB1DJykHSGwreceSaD60Y0PUQ==",
    }
  }
}
